{
  "nodes": {
    "brew-src": {
      "flake": false,
      "locked": {
        "lastModified": 1763638478,
        "narHash": "sha256-n/IMowE9S23ovmTkKX7KhxXC2Yq41EAVFR2FBIXPcT8=",
        "owner": "Homebrew",
        "repo": "brew",
        "rev": "fbfdbaba008189499958a7aeb1e2c36ab10c067d",
        "type": "github"
      },
      "original": {
        "owner": "Homebrew",
        "ref": "5.0.3",
        "repo": "brew",
        "type": "github"
      }
    },
    "darwin": {
      "inputs": {
        "nixpkgs": [
          "nixpkgs"
        ]
      },
      "locked": {
        "lastModified": 1768764703,
        "narHash": "sha256-5ulSDyOG1U+1sJhkJHYsUOWEsmtLl97O0NTVMvgIVyc=",
        "owner": "LnL7",
        "repo": "nix-darwin",
        "rev": "0fc4e7ac670a0ed874abacf73c4b072a6a58064b",
        "type": "github"
      },
      "original": {
        "owner": "LnL7",
        "ref": "master",
        "repo": "nix-darwin",
        "type": "github"
      }
    },
    "disko": {
      "inputs": {
        "nixpkgs": [
          "nixpkgs"
        ]
      },
      "locked": {
        "lastModified": 1768923567,
        "narHash": "sha256-GVJ0jKsyXLuBzRMXCDY6D5J8wVdwP1DuQmmvYL/Vw/Q=",
        "owner": "nix-community",
        "repo": "disko",
        "rev": "00395d188e3594a1507f214a2f15d4ce5c07cb28",
        "type": "github"
      },
      "original": {
        "owner": "nix-community",
        "repo": "disko",
        "type": "github"
      }
    },
    "home-manager": {
      "inputs": {
        "nixpkgs": "nixpkgs"
      },
      "locked": {
        "lastModified": 1769014333,
        "narHash": "sha256-nr3NVA2PPd3WZsi3jQnmuIKpgGLn0HXjgqQ2E9ysTcs=",
        "owner": "nix-community",
        "repo": "home-manager",
        "rev": "2d7b64e32f9fcdf1046efd243da4659a6459d7ff",
        "type": "github"
      },
      "original": {
        "owner": "nix-community",
        "repo": "home-manager",
        "type": "github"
      }
    },
    "homebrew-bundle": {
      "flake": false,
      "locked": {
        "lastModified": 1745335228,
        "narHash": "sha256-TIKR2UgtyUmHLNZp255/vLs+1I10hXe+sciMEbAGFwE=",
        "owner": "homebrew",
        "repo": "homebrew-bundle",
        "rev": "a3265c84b232e13048ecbf6fc18a2eedfadbeb08",
        "type": "github"
      },
      "original": {
        "owner": "homebrew",
        "repo": "homebrew-bundle",
        "type": "github"
      }
    },
    "homebrew-cask": {
      "flake": false,
      "locked": {
        "lastModified": 1769014664,
        "narHash": "sha256-QYOzZIe6yTLD1wquR9ft+du/wH+WI9HfyQDoYxQE59Y=",
        "owner": "Homebrew",
        "repo": "homebrew-cask",
        "rev": "4dce966bbb25bef7f19fd4efa0340a6871ff4c34",
        "type": "github"
      },
      "original": {
        "owner": "Homebrew",
        "repo": "homebrew-cask",
        "type": "github"
      }
    },
    "homebrew-core": {
      "flake": false,
      "locked": {
        "lastModified": 1769011647,
        "narHash": "sha256-wLxoA/32CGeE6FyYNKG9OpL8Bp0aUNO0bBGeBV3rwaQ=",
        "owner": "homebrew",
        "repo": "homebrew-core",
        "rev": "d8bf49c9e59e7044002df5693c292a58b4426cc7",
        "type": "github"
      },
      "original": {
        "owner": "homebrew",
        "repo": "homebrew-core",
        "type": "github"
      }
    },
    "homebrew-dhth": {
      "flake": false,
      "locked": {
        "lastModified": 1766531956,
        "narHash": "sha256-5mSeeHBnxQ2ohYY9sxumIKx2FhEhk484BcfenzGpK60=",
        "owner": "dhth",
        "repo": "homebrew-tap",
        "rev": "c21529a6412ac27d73f6fca1c9c2c170f90c2692",
        "type": "github"
      },
      "original": {
        "owner": "dhth",
        "repo": "homebrew-tap",
        "type": "github"
      }
    },
    "homebrew-morantron": {
      "flake": false,
      "locked": {
        "lastModified": 1767651656,
        "narHash": "sha256-EP4DcWjhzKdopGvfjyxdJRL+UUKaYQ5/HOPTc5/PBsU=",
        "owner": "morantron",
        "repo": "tmux-fingers",
        "rev": "56d447282dc5d5c0624397019aba1bf1bb9fb0ed",
        "type": "github"
      },
      "original": {
        "owner": "morantron",
        "repo": "tmux-fingers",
        "type": "github"
      }
    },
    "homebrew-nikitabobko": {
      "flake": false,
      "locked": {
        "lastModified": 1767556899,
        "narHash": "sha256-UXqidzDPZk30+KXaapZo7U33Cfwmaef7knwDO26Wa4c=",
        "owner": "nikitabobko",
        "repo": "homebrew-tap",
        "rev": "3806a446c6c4c6962d8790187ccdbd2bdbdebb5a",
        "type": "github"
      },
      "original": {
        "owner": "nikitabobko",
        "repo": "homebrew-tap",
        "type": "github"
      }
    },
    "homebrew-scarcalhojr": {
      "flake": false,
      "locked": {
        "lastModified": 1673567198,
        "narHash": "sha256-/vyNdEb3sjmxV90PM8gz0lm7sTr0TwSpCbErC9eiEcA=",
        "owner": "scarvalhojr",
        "repo": "homebrew-tap",
        "rev": "13f91f573c0fa57cadf821994629c21c290555c6",
        "type": "github"
      },
      "original": {
        "owner": "scarvalhojr",
        "repo": "homebrew-tap",
        "type": "github"
      }
    },
    "homebrew-teamookla": {
      "flake": false,
      "locked": {
        "lastModified": 1660162552,
        "narHash": "sha256-IaVzg2Nw02RXXz0hmWHP5oq94aAN4Qn6+Y1dC+k+JVM=",
        "owner": "teamookla",
        "repo": "homebrew-speedtest",
        "rev": "1ff487f465bb01c3007c0bc17f1f793244ee2eaa",
        "type": "github"
      },
      "original": {
        "owner": "teamookla",
        "repo": "homebrew-speedtest",
        "type": "github"
      }
    },
    "nix-homebrew": {
      "inputs": {
        "brew-src": "brew-src"
      },
      "locked": {
        "lastModified": 1764473698,
        "narHash": "sha256-C91gPgv6udN5WuIZWNehp8qdLqlrzX6iF/YyboOj6XI=",
        "owner": "zhaofengli-wip",
        "repo": "nix-homebrew",
        "rev": "6a8ab60bfd66154feeaa1021fc3b32684814a62a",
        "type": "github"
      },
      "original": {
        "owner": "zhaofengli-wip",
        "repo": "nix-homebrew",
        "type": "github"
      }
    },
    "nixpkgs": {
      "locked": {
        "lastModified": 1768886240,
        "narHash": "sha256-C2TjvwYZ2VDxYWeqvvJ5XPPp6U7H66zeJlRaErJKoEM=",
        "owner": "NixOS",
        "repo": "nixpkgs",
        "rev": "80e4adbcf8992d3fd27ad4964fbb84907f9478b0",
        "type": "github"
      },
      "original": {
        "owner": "NixOS",
        "ref": "nixos-unstable",
        "repo": "nixpkgs",
        "type": "github"
      }
    },
    "nixpkgs_2": {
      "locked": {
        "lastModified": 1768886240,
        "narHash": "sha256-C2TjvwYZ2VDxYWeqvvJ5XPPp6U7H66zeJlRaErJKoEM=",
        "owner": "nixos",
        "repo": "nixpkgs",
        "rev": "80e4adbcf8992d3fd27ad4964fbb84907f9478b0",
        "type": "github"
      },
      "original": {
        "owner": "nixos",
        "ref": "nixos-unstable",
        "repo": "nixpkgs",
        "type": "github"
      }
    },
    "root": {
      "inputs": {
        "darwin": "darwin",
        "disko": "disko",
        "home-manager": "home-manager",
        "homebrew-bundle": "homebrew-bundle",
        "homebrew-cask": "homebrew-cask",
        "homebrew-core": "homebrew-core",
        "homebrew-dhth": "homebrew-dhth",
        "homebrew-morantron": "homebrew-morantron",
        "homebrew-nikitabobko": "homebrew-nikitabobko",
        "homebrew-scarcalhojr": "homebrew-scarcalhojr",
        "homebrew-teamookla": "homebrew-teamookla",
        "nix-homebrew": "nix-homebrew",
        "nixpkgs": "nixpkgs_2"
      }
    }
  },
  "root": "root",
  "version": 7
}
