{
  "nodes": {
    "brew-src": {
      "flake": false,
      "locked": {
        "lastModified": 1789661079,
        "narHash": "sha256-geVTQ51PGZ1mLULM5k7wO7qt/6xenOR/YG8X7Q3eCaI=",
        "owner": "Homebrew",
        "repo": "brew",
        "rev": "edb70f031e4170c780799633a1226ff73e1077f4",
        "type": "github"
      },
      "original": {
        "owner": "Homebrew",
        "ref": "7.0.4",
        "repo": "brew",
        "type": "github"
      }
    },
    "darwin": {
      "inputs": {
        "nixpkgs": [
          "nixpkgs"
        ]
      },
      "locked": {
        "lastModified": 1786845137,
        "narHash": "sha256-oQFip+v0luP8NIxJzmiW4Wu8bILsbFWom5l0zonl8hQ=",
        "owner": "LnL7",
        "repo": "nix-darwin",
        "rev": "4cff07de74b50e64bdd68cd4e722ab5b6b35ee48",
        "type": "github"
      },
      "original": {
        "owner": "LnL7",
        "ref": "master",
        "repo": "nix-darwin",
        "type": "github"
      }
    },
    "disko": {
      "inputs": {
        "nixpkgs": [
          "nixpkgs"
        ]
      },
      "locked": {
        "lastModified": 1789770686,
        "narHash": "sha256-uZkBR7yHdIKUFB5SZdfgh1qkGfI3XmYmI/lTiquxbck=",
        "owner": "nix-community",
        "repo": "disko",
        "rev": "725ea35e410ad83be4931d1bff7e090eacaf3563",
        "type": "github"
      },
      "original": {
        "owner": "nix-community",
        "repo": "disko",
        "type": "github"
      }
    },
    "home-manager": {
      "inputs": {
        "nixpkgs": "nixpkgs"
      },
      "locked": {
        "lastModified": 1790010537,
        "narHash": "sha256-rsDlQDQkCVnSkEfDTWlaFjp7vpke5taFkeTseT7DUxQ=",
        "owner": "nix-community",
        "repo": "home-manager",
        "rev": "a6c231d51f2a434e164020eae31de96ca0a56d65",
        "type": "github"
      },
      "original": {
        "owner": "nix-community",
        "repo": "home-manager",
        "type": "github"
      }
    },
    "homebrew-bundle": {
      "flake": false,
      "locked": {
        "lastModified": 1745335228,
        "narHash": "sha256-TIKR2UgtyUmHLNZp255/vLs+1I10hXe+sciMEbAGFwE=",
        "owner": "homebrew",
        "repo": "homebrew-bundle",
        "rev": "a3265c84b232e13048ecbf6fc18a2eedfadbeb08",
        "type": "github"
      },
      "original": {
        "owner": "homebrew",
        "repo": "homebrew-bundle",
        "type": "github"
      }
    },
    "homebrew-cask": {
      "flake": false,
      "locked": {
        "lastModified": 1790012666,
        "narHash": "sha256-yySvP0iTz8DF8TweZ44yFSkV11tJgC2jBZRQ7yobSmg=",
        "owner": "Homebrew",
        "repo": "homebrew-cask",
        "rev": "9a4e8762133bf561fdd931d5bc40bd8c4c4e602a",
        "type": "github"
      },
      "original": {
        "owner": "Homebrew",
        "repo": "homebrew-cask",
        "type": "github"
      }
    },
    "homebrew-core": {
      "flake": false,
      "locked": {
        "lastModified": 1790015992,
        "narHash": "sha256-7szXARH8ecD5uux1G4JzyNr2Np2F3HHVlnbOduS7tfA=",
        "owner": "homebrew",
        "repo": "homebrew-core",
        "rev": "b7797311118f9c6ea31d538995bfd98b4c79d8d5",
        "type": "github"
      },
      "original": {
        "owner": "homebrew",
        "repo": "homebrew-core",
        "type": "github"
      }
    },
    "homebrew-dhth": {
      "flake": false,
      "locked": {
        "lastModified": 1788989583,
        "narHash": "sha256-BD5YhW4vD1kNu/IG5O4hlcP3QVW+SLGArG//0st4Qa0=",
        "owner": "dhth",
        "repo": "homebrew-tap",
        "rev": "dedeb9dde8ea9768d38059a8404f66fb0d144710",
        "type": "github"
      },
      "original": {
        "owner": "dhth",
        "repo": "homebrew-tap",
        "type": "github"
      }
    },
    "homebrew-morantron": {
      "flake": false,
      "locked": {
        "lastModified": 1780999208,
        "narHash": "sha256-4aA60127Pv1jk7jzEhlU3NmPDmUbp9nE/8yYKkcMUb4=",
        "owner": "morantron",
        "repo": "tmux-fingers",
        "rev": "fc3c750b8d73ac3e29675aae3b3ac6a00a0718f1",
        "type": "github"
      },
      "original": {
        "owner": "morantron",
        "repo": "tmux-fingers",
        "type": "github"
      }
    },
    "homebrew-nikitabobko": {
      "flake": false,
      "locked": {
        "lastModified": 1788650992,
        "narHash": "sha256-UtBXjrHvfrPikHajq1SECV+Jc9bwmbbUc/bE37D8Xck=",
        "owner": "nikitabobko",
        "repo": "homebrew-tap",
        "rev": "9ac0bfc08904719c52a63101fa7e1e133a23bda2",
        "type": "github"
      },
      "original": {
        "owner": "nikitabobko",
        "repo": "homebrew-tap",
        "type": "github"
      }
    },
    "homebrew-nubjs": {
      "flake": false,
      "locked": {
        "lastModified": 1789846881,
        "narHash": "sha256-FhniAtbQrPTZl4b2EOHp/jhwBjzmcXtvWgkTw2zhTvU=",
        "owner": "nubjs",
        "repo": "homebrew-tap",
        "rev": "8c70dec3cb5f9b2f26f061095524daa81817f287",
        "type": "github"
      },
      "original": {
        "owner": "nubjs",
        "repo": "homebrew-tap",
        "type": "github"
      }
    },
    "homebrew-scarcalhojr": {
      "flake": false,
      "locked": {
        "lastModified": 1673567198,
        "narHash": "sha256-/vyNdEb3sjmxV90PM8gz0lm7sTr0TwSpCbErC9eiEcA=",
        "owner": "scarvalhojr",
        "repo": "homebrew-tap",
        "rev": "13f91f573c0fa57cadf821994629c21c290555c6",
        "type": "github"
      },
      "original": {
        "owner": "scarvalhojr",
        "repo": "homebrew-tap",
        "type": "github"
      }
    },
    "homebrew-teamookla": {
      "flake": false,
      "locked": {
        "lastModified": 1660162552,
        "narHash": "sha256-IaVzg2Nw02RXXz0hmWHP5oq94aAN4Qn6+Y1dC+k+JVM=",
        "owner": "teamookla",
        "repo": "homebrew-speedtest",
        "rev": "1ff487f465bb01c3007c0bc17f1f793244ee2eaa",
        "type": "github"
      },
      "original": {
        "owner": "teamookla",
        "repo": "homebrew-speedtest",
        "type": "github"
      }
    },
    "nix-homebrew": {
      "inputs": {
        "brew-src": "brew-src"
      },
      "locked": {
        "lastModified": 1789928041,
        "narHash": "sha256-iV37ieTcE4ZLOYEe0VznW6dWMBe4lEL8AbK1vblyZGM=",
        "owner": "zhaofengli-wip",
        "repo": "nix-homebrew",
        "rev": "c11cccfdd36dd69b5323d70d354b2853379c2426",
        "type": "github"
      },
      "original": {
        "owner": "zhaofengli-wip",
        "repo": "nix-homebrew",
        "type": "github"
      }
    },
    "nixpkgs": {
      "locked": {
        "lastModified": 1789632929,
        "narHash": "sha256-j08lBbqaYwjsW0xy6Dh4MNZpQ/oSvLU1MLAo38OXphM=",
        "rev": "a32edd7654519351e48e80372a928df336394670",
        "type": "tarball",
        "url": "https://releases.nixos.org/nixpkgs/nixpkgs-26.11pre1075288.a32edd765451/nixexprs.tar.zst"
      },
      "original": {
        "type": "tarball",
        "url": "https://channels.nixos.org/nixpkgs-unstable/nixexprs.tar.zst"
      }
    },
    "nixpkgs_2": {
      "locked": {
        "lastModified": 1789921291,
        "narHash": "sha256-Ft/BRnIqw1MywFoXydKobjjWmDFgDdYtSpJliE8+yUw=",
        "owner": "nixos",
        "repo": "nixpkgs",
        "rev": "44a91898084f46797b5fac650c7e8c9ac38c43d4",
        "type": "github"
      },
      "original": {
        "owner": "nixos",
        "ref": "nixos-unstable",
        "repo": "nixpkgs",
        "type": "github"
      }
    },
    "root": {
      "inputs": {
        "darwin": "darwin",
        "disko": "disko",
        "home-manager": "home-manager",
        "homebrew-bundle": "homebrew-bundle",
        "homebrew-cask": "homebrew-cask",
        "homebrew-core": "homebrew-core",
        "homebrew-dhth": "homebrew-dhth",
        "homebrew-morantron": "homebrew-morantron",
        "homebrew-nikitabobko": "homebrew-nikitabobko",
        "homebrew-nubjs": "homebrew-nubjs",
        "homebrew-scarcalhojr": "homebrew-scarcalhojr",
        "homebrew-teamookla": "homebrew-teamookla",
        "nix-homebrew": "nix-homebrew",
        "nixpkgs": "nixpkgs_2"
      }
    }
  },
  "root": "root",
  "version": 7
}
