{
  "nodes": {
    "brew-src": {
      "flake": false,
      "locked": {
        "lastModified": 1731323744,
        "narHash": "sha256-SxUQm4cTHcaoPQHoXe26ZV8cZiMWBGow8MjE4L+MckM=",
        "owner": "Homebrew",
        "repo": "brew",
        "rev": "254bf3fe9d8fa2e1b2fb55dbcf535b2d870180c4",
        "type": "github"
      },
      "original": {
        "owner": "Homebrew",
        "ref": "4.4.5",
        "repo": "brew",
        "type": "github"
      }
    },
    "darwin": {
      "inputs": {
        "nixpkgs": [
          "nixpkgs"
        ]
      },
      "locked": {
        "lastModified": 1739302241,
        "narHash": "sha256-NXQXFU6HOschZ+8ZKrNOlwlHelez8vPl+dCiUaJ82/U=",
        "owner": "LnL7",
        "repo": "nix-darwin",
        "rev": "a6746213b138fe7add88b19bafacd446de574ca7",
        "type": "github"
      },
      "original": {
        "owner": "LnL7",
        "ref": "master",
        "repo": "nix-darwin",
        "type": "github"
      }
    },
    "disko": {
      "inputs": {
        "nixpkgs": [
          "nixpkgs"
        ]
      },
      "locked": {
        "lastModified": 1739353546,
        "narHash": "sha256-YTqXhBZvCdZLMBupWlCDvRFaTEhaHa2/Xc/p1sUdSZU=",
        "owner": "nix-community",
        "repo": "disko",
        "rev": "26ade1005191e0602a78b0f141970648445bafd9",
        "type": "github"
      },
      "original": {
        "owner": "nix-community",
        "repo": "disko",
        "type": "github"
      }
    },
    "home-manager": {
      "inputs": {
        "nixpkgs": "nixpkgs"
      },
      "locked": {
        "lastModified": 1739470101,
        "narHash": "sha256-NxNe32VB4XI/xIXrsKmIfrcgtEx5r/5s52pL3CpEcA4=",
        "owner": "nix-community",
        "repo": "home-manager",
        "rev": "5031c6d2978109336637977c165f82aa49fa16a7",
        "type": "github"
      },
      "original": {
        "owner": "nix-community",
        "repo": "home-manager",
        "type": "github"
      }
    },
    "homebrew-bundle": {
      "flake": false,
      "locked": {
        "lastModified": 1739485554,
        "narHash": "sha256-O1CdO0dqkG19qW6sd3xyob/AVP+ip9UnRUAYlx5AM6M=",
        "owner": "homebrew",
        "repo": "homebrew-bundle",
        "rev": "703df0bf5c49a4d5c4d6095b25d45109ed27a924",
        "type": "github"
      },
      "original": {
        "owner": "homebrew",
        "repo": "homebrew-bundle",
        "type": "github"
      }
    },
    "homebrew-cask": {
      "flake": false,
      "locked": {
        "lastModified": 1739494710,
        "narHash": "sha256-e2sWf6WpLOeC1KmiuagTZIkeCLQZxqJ97r2rqdwXTAY=",
        "owner": "Homebrew",
        "repo": "homebrew-cask",
        "rev": "fa8f197add9998ff995b5428190754365aeb1347",
        "type": "github"
      },
      "original": {
        "owner": "Homebrew",
        "repo": "homebrew-cask",
        "type": "github"
      }
    },
    "homebrew-core": {
      "flake": false,
      "locked": {
        "lastModified": 1739494752,
        "narHash": "sha256-7ixx5zDuqpLt4FruiCdKJovNVEPzxuGSqfwEjvtmMq4=",
        "owner": "homebrew",
        "repo": "homebrew-core",
        "rev": "2cf9064aca640979de31d241e91c53a0349e550c",
        "type": "github"
      },
      "original": {
        "owner": "homebrew",
        "repo": "homebrew-core",
        "type": "github"
      }
    },
    "homebrew-dhth": {
      "flake": false,
      "locked": {
        "lastModified": 1738900334,
        "narHash": "sha256-1Jvb1eqaLSpgUHDviWF/FRzeue3ApwSndrLAziOBEOM=",
        "owner": "dhth",
        "repo": "homebrew-tap",
        "rev": "066746af54e5c6a37bc61dcc134a0830d5fcc494",
        "type": "github"
      },
      "original": {
        "owner": "dhth",
        "repo": "homebrew-tap",
        "type": "github"
      }
    },
    "homebrew-morantron": {
      "flake": false,
      "locked": {
        "lastModified": 1738861862,
        "narHash": "sha256-1hSatVQD8U6rnt5XS35TuG8MZwwSJrppcYv0UBPmFnI=",
        "owner": "morantron",
        "repo": "tmux-fingers",
        "rev": "fa3947d487e3b27e1e9c998c6ffd9fada096ace4",
        "type": "github"
      },
      "original": {
        "owner": "morantron",
        "repo": "tmux-fingers",
        "type": "github"
      }
    },
    "homebrew-nikitabobko": {
      "flake": false,
      "locked": {
        "lastModified": 1733437300,
        "narHash": "sha256-r0gkdyPodHNid+bcAbVtSgtUR0BkyWa0mpTJkpaq8sw=",
        "owner": "nikitabobko",
        "repo": "homebrew-tap",
        "rev": "64d46a5546d3fe6f7ab368f5a3df0984adfe7087",
        "type": "github"
      },
      "original": {
        "owner": "nikitabobko",
        "repo": "homebrew-tap",
        "type": "github"
      }
    },
    "homebrew-scarcalhojr": {
      "flake": false,
      "locked": {
        "lastModified": 1673567198,
        "narHash": "sha256-/vyNdEb3sjmxV90PM8gz0lm7sTr0TwSpCbErC9eiEcA=",
        "owner": "scarvalhojr",
        "repo": "homebrew-tap",
        "rev": "13f91f573c0fa57cadf821994629c21c290555c6",
        "type": "github"
      },
      "original": {
        "owner": "scarvalhojr",
        "repo": "homebrew-tap",
        "type": "github"
      }
    },
    "homebrew-teamookla": {
      "flake": false,
      "locked": {
        "lastModified": 1660162552,
        "narHash": "sha256-IaVzg2Nw02RXXz0hmWHP5oq94aAN4Qn6+Y1dC+k+JVM=",
        "owner": "teamookla",
        "repo": "homebrew-speedtest",
        "rev": "1ff487f465bb01c3007c0bc17f1f793244ee2eaa",
        "type": "github"
      },
      "original": {
        "owner": "teamookla",
        "repo": "homebrew-speedtest",
        "type": "github"
      }
    },
    "nix-darwin": {
      "inputs": {
        "nixpkgs": "nixpkgs_2"
      },
      "locked": {
        "lastModified": 1716329735,
        "narHash": "sha256-ap51w+VqG21vuzyQ04WrhI2YbWHd3UGz0e7dc/QQmoA=",
        "owner": "LnL7",
        "repo": "nix-darwin",
        "rev": "eac4f25028c1975a939c8f8fba95c12f8a25e01c",
        "type": "github"
      },
      "original": {
        "owner": "LnL7",
        "repo": "nix-darwin",
        "type": "github"
      }
    },
    "nix-homebrew": {
      "inputs": {
        "brew-src": "brew-src",
        "nix-darwin": "nix-darwin",
        "nixpkgs": "nixpkgs_3"
      },
      "locked": {
        "lastModified": 1736041957,
        "narHash": "sha256-Kk/cVtkxwfHNoB6nINUarMLTtyAEvH+ohzxKBptMzzg=",
        "owner": "zhaofengli-wip",
        "repo": "nix-homebrew",
        "rev": "a6d99cc7436fc18c097b3536d9c45c0548c694c8",
        "type": "github"
      },
      "original": {
        "owner": "zhaofengli-wip",
        "repo": "nix-homebrew",
        "type": "github"
      }
    },
    "nixpkgs": {
      "locked": {
        "lastModified": 1739020877,
        "narHash": "sha256-mIvECo/NNdJJ/bXjNqIh8yeoSjVLAuDuTUzAo7dzs8Y=",
        "owner": "NixOS",
        "repo": "nixpkgs",
        "rev": "a79cfe0ebd24952b580b1cf08cd906354996d547",
        "type": "github"
      },
      "original": {
        "owner": "NixOS",
        "ref": "nixos-unstable",
        "repo": "nixpkgs",
        "type": "github"
      }
    },
    "nixpkgs_2": {
      "locked": {
        "lastModified": 1687274257,
        "narHash": "sha256-TutzPriQcZ8FghDhEolnHcYU2oHIG5XWF+/SUBNnAOE=",
        "path": "/nix/store/22qgs3skscd9bmrxv9xv4q5d4wwm5ppx-source",
        "rev": "2c9ecd1f0400076a4d6b2193ad468ff0a7e7fdc5",
        "type": "path"
      },
      "original": {
        "id": "nixpkgs",
        "type": "indirect"
      }
    },
    "nixpkgs_3": {
      "locked": {
        "lastModified": 1716330097,
        "narHash": "sha256-8BO3B7e3BiyIDsaKA0tY8O88rClYRTjvAp66y+VBUeU=",
        "owner": "NixOS",
        "repo": "nixpkgs",
        "rev": "5710852ba686cc1fd0d3b8e22b3117d43ba374c2",
        "type": "github"
      },
      "original": {
        "owner": "NixOS",
        "ref": "nixos-unstable",
        "repo": "nixpkgs",
        "type": "github"
      }
    },
    "nixpkgs_4": {
      "locked": {
        "lastModified": 1739446958,
        "narHash": "sha256-+/bYK3DbPxMIvSL4zArkMX0LQvS7rzBKXnDXLfKyRVc=",
        "owner": "nixos",
        "repo": "nixpkgs",
        "rev": "2ff53fe64443980e139eaa286017f53f88336dd0",
        "type": "github"
      },
      "original": {
        "owner": "nixos",
        "ref": "nixos-unstable",
        "repo": "nixpkgs",
        "type": "github"
      }
    },
    "root": {
      "inputs": {
        "darwin": "darwin",
        "disko": "disko",
        "home-manager": "home-manager",
        "homebrew-bundle": "homebrew-bundle",
        "homebrew-cask": "homebrew-cask",
        "homebrew-core": "homebrew-core",
        "homebrew-dhth": "homebrew-dhth",
        "homebrew-morantron": "homebrew-morantron",
        "homebrew-nikitabobko": "homebrew-nikitabobko",
        "homebrew-scarcalhojr": "homebrew-scarcalhojr",
        "homebrew-teamookla": "homebrew-teamookla",
        "nix-homebrew": "nix-homebrew",
        "nixpkgs": "nixpkgs_4"
      }
    }
  },
  "root": "root",
  "version": 7
}
